// !$*UTF8*$!
{
	archiveVersion = 1;
	classes = {
	};
	objectVersion = 55;
	objects = {

/* Begin PBXBuildFile section */
		3A01B5F4286DFAA5008B9BB5 /* AppDelegate.swift in Sources */ = {isa = PBXBuildFile; fileRef = 3A01B5F3286DFAA5008B9BB5 /* AppDelegate.swift */; };
		3A01B5F6286DFAA5008B9BB5 /* SceneDelegate.swift in Sources */ = {isa = PBXBuildFile; fileRef = 3A01B5F5286DFAA5008B9BB5 /* SceneDelegate.swift */; };
		3A01B5F8286DFAA5008B9BB5 /* ViewController.swift in Sources */ = {isa = PBXBuildFile; fileRef = 3A01B5F7286DFAA5008B9BB5 /* ViewController.swift */; };
		3A01B5FB286DFAA5008B9BB5 /* Main.storyboard in Resources */ = {isa = PBXBuildFile; fileRef = 3A01B5F9286DFAA5008B9BB5 /* Main.storyboard */; };
		3A01B5FD286DFAA7008B9BB5 /* Assets.xcassets in Resources */ = {isa = PBXBuildFile; fileRef = 3A01B5FC286DFAA7008B9BB5 /* Assets.xcassets */; };
		3A01B600286DFAA7008B9BB5 /* LaunchScreen.storyboard in Resources */ = {isa = PBXBuildFile; fileRef = 3A01B5FE286DFAA7008B9BB5 /* LaunchScreen.storyboard */; };
		3A01B608286DFAC0008B9BB5 /* NetworkManager.swift in Sources */ = {isa = PBXBuildFile; fileRef = 3A01B607286DFAC0008B9BB5 /* NetworkManager.swift */; };
		3A01B60D286E0468008B9BB5 /* JSONKISStudentData.swift in Sources */ = {isa = PBXBuildFile; fileRef = 3A01B60C286E0468008B9BB5 /* JSONKISStudentData.swift */; };
		3A01B60F286E0827008B9BB5 /* KISStudentModel.swift in Sources */ = {isa = PBXBuildFile; fileRef = 3A01B60E286E0827008B9BB5 /* KISStudentModel.swift */; };
		3AD03152286E4F910011588D /* Secrets.swift in Sources */ = {isa = PBXBuildFile; fileRef = 3AD03151286E4F910011588D /* Secrets.swift */; };
/* End PBXBuildFile section */

/* Begin PBXFileReference section */
		3A01B5F0286DFAA5008B9BB5 /* KISTest2.app */ = {isa = PBXFileReference; explicitFileType = wrapper.application; includeInIndex = 0; path = KISTest2.app; sourceTree = BUILT_PRODUCTS_DIR; };
		3A01B5F3286DFAA5008B9BB5 /* AppDelegate.swift */ = {isa = PBXFileReference; lastKnownFileType = sourcecode.swift; path = AppDelegate.swift; sourceTree = "<group>"; };
		3A01B5F5286DFAA5008B9BB5 /* SceneDelegate.swift */ = {isa = PBXFileReference; lastKnownFileType = sourcecode.swift; path = SceneDelegate.swift; sourceTree = "<group>"; };
		3A01B5F7286DFAA5008B9BB5 /* ViewController.swift */ = {isa = PBXFileReference; lastKnownFileType = sourcecode.swift; path = ViewController.swift; sourceTree = "<group>"; };
		3A01B5FA286DFAA5008B9BB5 /* Base */ = {isa = PBXFileReference; lastKnownFileType = file.storyboard; name = Base; path = Base.lproj/Main.storyboard; sourceTree = "<group>"; };
		3A01B5FC286DFAA7008B9BB5 /* Assets.xcassets */ = {isa = PBXFileReference; lastKnownFileType = folder.assetcatalog; path = Assets.xcassets; sourceTree = "<group>"; };
		3A01B5FF286DFAA7008B9BB5 /* Base */ = {isa = PBXFileReference; lastKnownFileType = file.storyboard; name = Base; path = Base.lproj/LaunchScreen.storyboard; sourceTree = "<group>"; };
		3A01B601286DFAA7008B9BB5 /* Info.plist */ = {isa = PBXFileReference; lastKnownFileType = text.plist.xml; path = Info.plist; sourceTree = "<group>"; };
		3A01B607286DFAC0008B9BB5 /* NetworkManager.swift */ = {isa = PBXFileReference; lastKnownFileType = sourcecode.swift; path = NetworkManager.swift; sourceTree = "<group>"; };
		3A01B60C286E0468008B9BB5 /* JSONKISStudentData.swift */ = {isa = PBXFileReference; lastKnownFileType = sourcecode.swift; path = JSONKISStudentData.swift; sourceTree = "<group>"; };
		3A01B60E286E0827008B9BB5 /* KISStudentModel.swift */ = {isa = PBXFileReference; lastKnownFileType = sourcecode.swift; path = KISStudentModel.swift; sourceTree = "<group>"; };
		3AD03151286E4F910011588D /* Secrets.swift */ = {isa = PBXFileReference; lastKnownFileType = sourcecode.swift; path = Secrets.swift; sourceTree = "<group>"; };
/* End PBXFileReference section */

/* Begin PBXFrameworksBuildPhase section */
		3A01B5ED286DFAA5008B9BB5 /* Frameworks */ = {
			isa = PBXFrameworksBuildPhase;
			buildActionMask = 2147483647;
			files = (
			);
			runOnlyForDeploymentPostprocessing = 0;
		};
/* End PBXFrameworksBuildPhase section */

/* Begin PBXGroup section */
		3A01B5E7286DFAA5008B9BB5 = {
			isa = PBXGroup;
			children = (
				3A01B5F2286DFAA5008B9BB5 /* KISTest2 */,
				3A01B5F1286DFAA5008B9BB5 /* Products */,
			);
			sourceTree = "<group>";
		};
		3A01B5F1286DFAA5008B9BB5 /* Products */ = {
			isa = PBXGroup;
			children = (
				3A01B5F0286DFAA5008B9BB5 /* KISTest2.app */,
			);
			name = Products;
			sourceTree = "<group>";
		};
		3A01B5F2286DFAA5008B9BB5 /* KISTest2 */ = {
			isa = PBXGroup;
			children = (
				3A01B5F3286DFAA5008B9BB5 /* AppDelegate.swift */,
				3A01B5F5286DFAA5008B9BB5 /* SceneDelegate.swift */,
				3AD03151286E4F910011588D /* Secrets.swift */,
				3A01B609286E0367008B9BB5 /* Model */,
				3A01B60B286E037C008B9BB5 /* View */,
				3A01B60A286E0373008B9BB5 /* Controller */,
				3A01B5FC286DFAA7008B9BB5 /* Assets.xcassets */,
				3A01B5FE286DFAA7008B9BB5 /* LaunchScreen.storyboard */,
				3A01B601286DFAA7008B9BB5 /* Info.plist */,
			);
			path = KISTest2;
			sourceTree = "<group>";
		};
		3A01B609286E0367008B9BB5 /* Model */ = {
			isa = PBXGroup;
			children = (
				3A01B607286DFAC0008B9BB5 /* NetworkManager.swift */,
				3A01B60E286E0827008B9BB5 /* KISStudentModel.swift */,
				3A01B60C286E0468008B9BB5 /* JSONKISStudentData.swift */,
			);
			path = Model;
			sourceTree = "<group>";
		};
		3A01B60A286E0373008B9BB5 /* Controller */ = {
			isa = PBXGroup;
			children = (
				3A01B5F7286DFAA5008B9BB5 /* ViewController.swift */,
			);
			path = Controller;
			sourceTree = "<group>";
		};
		3A01B60B286E037C008B9BB5 /* View */ = {
			isa = PBXGroup;
			children = (
				3A01B5F9286DFAA5008B9BB5 /* Main.storyboard */,
			);
			path = View;
			sourceTree = "<group>";
		};
/* End PBXGroup section */

/* Begin PBXNativeTarget section */
		3A01B5EF286DFAA5008B9BB5 /* KISTest2 */ = {
			isa = PBXNativeTarget;
			buildConfigurationList = 3A01B604286DFAA7008B9BB5 /* Build configuration list for PBXNativeTarget "KISTest2" */;
			buildPhases = (
				3A01B5EC286DFAA5008B9BB5 /* Sources */,
				3A01B5ED286DFAA5008B9BB5 /* Frameworks */,
				3A01B5EE286DFAA5008B9BB5 /* Resources */,
			);
			buildRules = (
			);
			dependencies = (
			);
			name = KISTest2;
			productName = KISTest2;
			productReference = 3A01B5F0286DFAA5008B9BB5 /* KISTest2.app */;
			productType = "com.apple.product-type.application";
		};
/* End PBXNativeTarget section */

/* Begin PBXProject section */
		3A01B5E8286DFAA5008B9BB5 /* Project object */ = {
			isa = PBXProject;
			attributes = {
				BuildIndependentTargetsInParallel = 1;
				LastSwiftUpdateCheck = 1340;
				LastUpgradeCheck = 1340;
				TargetAttributes = {
					3A01B5EF286DFAA5008B9BB5 = {
						CreatedOnToolsVersion = 13.4.1;
					};
				};
			};
			buildConfigurationList = 3A01B5EB286DFAA5008B9BB5 /* Build configuration list for PBXProject "KISTest2" */;
			compatibilityVersion = "Xcode 13.0";
			developmentRegion = en;
			hasScannedForEncodings = 0;
			knownRegions = (
				en,
				Base,
			);
			mainGroup = 3A01B5E7286DFAA5008B9BB5;
			productRefGroup = 3A01B5F1286DFAA5008B9BB5 /* Products */;
			projectDirPath = "";
			projectRoot = "";
			targets = (
				3A01B5EF286DFAA5008B9BB5 /* KISTest2 */,
			);
		};
/* End PBXProject section */

/* Begin PBXResourcesBuildPhase section */
		3A01B5EE286DFAA5008B9BB5 /* Resources */ = {
			isa = PBXResourcesBuildPhase;
			buildActionMask = 2147483647;
			files = (
				3A01B600286DFAA7008B9BB5 /* LaunchScreen.storyboard in Resources */,
				3A01B5FD286DFAA7008B9BB5 /* Assets.xcassets in Resources */,
				3A01B5FB286DFAA5008B9BB5 /* Main.storyboard in Resources */,
			);
			runOnlyForDeploymentPostprocessing = 0;
		};
/* End PBXResourcesBuildPhase section */

/* Begin PBXSourcesBuildPhase section */
		3A01B5EC286DFAA5008B9BB5 /* Sources */ = {
			isa = PBXSourcesBuildPhase;
			buildActionMask = 2147483647;
			files = (
				3A01B608286DFAC0008B9BB5 /* NetworkManager.swift in Sources */,
				3A01B60F286E0827008B9BB5 /* KISStudentModel.swift in Sources */,
				3AD03152286E4F910011588D /* Secrets.swift in Sources */,
				3A01B5F8286DFAA5008B9BB5 /* ViewController.swift in Sources */,
				3A01B5F4286DFAA5008B9BB5 /* AppDelegate.swift in Sources */,
				3A01B5F6286DFAA5008B9BB5 /* SceneDelegate.swift in Sources */,
				3A01B60D286E0468008B9BB5 /* JSONKISStudentData.swift in Sources */,
			);
			runOnlyForDeploymentPostprocessing = 0;
		};
/* End PBXSourcesBuildPhase section */

/* Begin PBXVariantGroup section */
		3A01B5F9286DFAA5008B9BB5 /* Main.storyboard */ = {
			isa = PBXVariantGroup;
			children = (
				3A01B5FA286DFAA5008B9BB5 /* Base */,
			);
			name = Main.storyboard;
			sourceTree = "<group>";
		};
		3A01B5FE286DFAA7008B9BB5 /* LaunchScreen.storyboard */ = {
			isa = PBXVariantGroup;
			children = (
				3A01B5FF286DFAA7008B9BB5 /* Base */,
			);
			name = LaunchScreen.storyboard;
			sourceTree = "<group>";
		};
/* End PBXVariantGroup section */

/* Begin XCBuildConfiguration section */
		3A01B602286DFAA7008B9BB5 /* Debug */ = {
			isa = XCBuildConfiguration;
			buildSettings = {
				ALWAYS_SEARCH_USER_PATHS = NO;
				CLANG_ANALYZER_NONNULL = YES;
				CLANG_ANALYZER_NUMBER_OBJECT_CONVERSION = YES_AGGRESSIVE;
				CLANG_CXX_LANGUAGE_STANDARD = "gnu++17";
				CLANG_ENABLE_MODULES = YES;
				CLANG_ENABLE_OBJC_ARC = YES;
				CLANG_ENABLE_OBJC_WEAK = YES;
				CLANG_WARN_BLOCK_CAPTURE_AUTORELEASING = YES;
				CLANG_WARN_BOOL_CONVERSION = YES;
				CLANG_WARN_COMMA = YES;
				CLANG_WARN_CONSTANT_CONVERSION = YES;
				CLANG_WARN_DEPRECATED_OBJC_IMPLEMENTATIONS = YES;
				CLANG_WARN_DIRECT_OBJC_ISA_USAGE = YES_ERROR;
				CLANG_WARN_DOCUMENTATION_COMMENTS = YES;
				CLANG_WARN_EMPTY_BODY = YES;
				CLANG_WARN_ENUM_CONVERSION = YES;
				CLANG_WARN_INFINITE_RECURSION = YES;
				CLANG_WARN_INT_CONVERSION = YES;
				CLANG_WARN_NON_LITERAL_NULL_CONVERSION = YES;
				CLANG_WARN_OBJC_IMPLICIT_RETAIN_SELF = YES;
				CLANG_WARN_OBJC_LITERAL_CONVERSION = YES;
				CLANG_WARN_OBJC_ROOT_CLASS = YES_ERROR;
				CLANG_WARN_QUOTED_INCLUDE_IN_FRAMEWORK_HEADER = YES;
				CLANG_WARN_RANGE_LOOP_ANALYSIS = YES;
				CLANG_WARN_STRICT_PROTOTYPES = YES;
				CLANG_WARN_SUSPICIOUS_MOVE = YES;
				CLANG_WARN_UNGUARDED_AVAILABILITY = YES_AGGRESSIVE;
				CLANG_WARN_UNREACHABLE_CODE = YES;
				CLANG_WARN__DUPLICATE_METHOD_MATCH = YES;
				COPY_PHASE_STRIP = NO;
				DEBUG_INFORMATION_FORMAT = dwarf;
				ENABLE_STRICT_OBJC_MSGSEND = YES;
				ENABLE_TESTABILITY = YES;
				GCC_C_LANGUAGE_STANDARD = gnu11;
				GCC_DYNAMIC_NO_PIC = NO;
				GCC_NO_COMMON_BLOCKS = YES;
				GCC_OPTIMIZATION_LEVEL = 0;
				GCC_PREPROCESSOR_DEFINITIONS = (
					"DEBUG=1",
					"$(inherited)",
				);
				GCC_WARN_64_TO_32_BIT_CONVERSION = YES;
				GCC_WARN_ABOUT_RETURN_TYPE = YES_ERROR;
				GCC_WARN_UNDECLARED_SELECTOR = YES;
				GCC_WARN_UNINITIALIZED_AUTOS = YES_AGGRESSIVE;
				GCC_WARN_UNUSED_FUNCTION = YES;
				GCC_WARN_UNUSED_VARIABLE = YES;
				IPHONEOS_DEPLOYMENT_TARGET = 15.5;
				MTL_ENABLE_DEBUG_INFO = INCLUDE_SOURCE;
				MTL_FAST_MATH = YES;
				ONLY_ACTIVE_ARCH = YES;
				SDKROOT = iphoneos;
				SWIFT_ACTIVE_COMPILATION_CONDITIONS = DEBUG;
				SWIFT_OPTIMIZATION_LEVEL = "-Onone";
			};
			name = Debug;
		};
		3A01B603286DFAA7008B9BB5 /* Release */ = {
			isa = XCBuildConfiguration;
			buildSettings = {
				ALWAYS_SEARCH_USER_PATHS = NO;
				CLANG_ANALYZER_NONNULL = YES;
				CLANG_ANALYZER_NUMBER_OBJECT_CONVERSION = YES_AGGRESSIVE;
				CLANG_CXX_LANGUAGE_STANDARD = "gnu++17";
				CLANG_ENABLE_MODULES = YES;
				CLANG_ENABLE_OBJC_ARC = YES;
				CLANG_ENABLE_OBJC_WEAK = YES;
				CLANG_WARN_BLOCK_CAPTURE_AUTORELEASING = YES;
				CLANG_WARN_BOOL_CONVERSION = YES;
				CLANG_WARN_COMMA = YES;
				CLANG_WARN_CONSTANT_CONVERSION = YES;
				CLANG_WARN_DEPRECATED_OBJC_IMPLEMENTATIONS = YES;
				CLANG_WARN_DIRECT_OBJC_ISA_USAGE = YES_ERROR;
				CLANG_WARN_DOCUMENTATION_COMMENTS = YES;
				CLANG_WARN_EMPTY_BODY = YES;
				CLANG_WARN_ENUM_CONVERSION = YES;
				CLANG_WARN_INFINITE_RECURSION = YES;
				CLANG_WARN_INT_CONVERSION = YES;
				CLANG_WARN_NON_LITERAL_NULL_CONVERSION = YES;
				CLANG_WARN_OBJC_IMPLICIT_RETAIN_SELF = YES;
				CLANG_WARN_OBJC_LITERAL_CONVERSION = YES;
				CLANG_WARN_OBJC_ROOT_CLASS = YES_ERROR;
				CLANG_WARN_QUOTED_INCLUDE_IN_FRAMEWORK_HEADER = YES;
				CLANG_WARN_RANGE_LOOP_ANALYSIS = YES;
				CLANG_WARN_STRICT_PROTOTYPES = YES;
				CLANG_WARN_SUSPICIOUS_MOVE = YES;
				CLANG_WARN_UNGUARDED_AVAILABILITY = YES_AGGRESSIVE;
				CLANG_WARN_UNREACHABLE_CODE = YES;
				CLANG_WARN__DUPLICATE_METHOD_MATCH = YES;
				COPY_PHASE_STRIP = NO;
				DEBUG_INFORMATION_FORMAT = "dwarf-with-dsym";
				ENABLE_NS_ASSERTIONS = NO;
				ENABLE_STRICT_OBJC_MSGSEND = YES;
				GCC_C_LANGUAGE_STANDARD = gnu11;
				GCC_NO_COMMON_BLOCKS = YES;
				GCC_WARN_64_TO_32_BIT_CONVERSION = YES;
				GCC_WARN_ABOUT_RETURN_TYPE = YES_ERROR;
				GCC_WARN_UNDECLARED_SELECTOR = YES;
				GCC_WARN_UNINITIALIZED_AUTOS = YES_AGGRESSIVE;
				GCC_WARN_UNUSED_FUNCTION = YES;
				GCC_WARN_UNUSED_VARIABLE = YES;
				IPHONEOS_DEPLOYMENT_TARGET = 15.5;
				MTL_ENABLE_DEBUG_INFO = NO;
				MTL_FAST_MATH = YES;
				SDKROOT = iphoneos;
				SWIFT_COMPILATION_MODE = wholemodule;
				SWIFT_OPTIMIZATION_LEVEL = "-O";
				VALIDATE_PRODUCT = YES;
			};
			name = Release;
		};
		3A01B605286DFAA7008B9BB5 /* Debug */ = {
			isa = XCBuildConfiguration;
			buildSettings = {
				ASSETCATALOG_COMPILER_APPICON_NAME = AppIcon;
				ASSETCATALOG_COMPILER_GLOBAL_ACCENT_COLOR_NAME = AccentColor;
				CODE_SIGN_STYLE = Automatic;
				CURRENT_PROJECT_VERSION = 1;
				DEVELOPMENT_TEAM = QYNM34C95K;
				GENERATE_INFOPLIST_FILE = YES;
				INFOPLIST_FILE = KISTest2/Info.plist;
				INFOPLIST_KEY_UIApplicationSupportsIndirectInputEvents = YES;
				INFOPLIST_KEY_UILaunchStoryboardName = LaunchScreen;
				INFOPLIST_KEY_UIMainStoryboardFile = Main;
				INFOPLIST_KEY_UISupportedInterfaceOrientations_iPad = "UIInterfaceOrientationPortrait UIInterfaceOrientationPortraitUpsideDown UIInterfaceOrientationLandscapeLeft UIInterfaceOrientationLandscapeRight";
				INFOPLIST_KEY_UISupportedInterfaceOrientations_iPhone = "UIInterfaceOrientationPortrait UIInterfaceOrientationLandscapeLeft UIInterfaceOrientationLandscapeRight";
				IPHONEOS_DEPLOYMENT_TARGET = 13.0;
				LD_RUNPATH_SEARCH_PATHS = (
					"$(inherited)",
					"@executable_path/Frameworks",
				);
				MARKETING_VERSION = 1.0;
				PRODUCT_BUNDLE_IDENTIFIER = sa.aditya.Scrumdinger;
				PRODUCT_NAME = "$(TARGET_NAME)";
				SWIFT_EMIT_LOC_STRINGS = YES;
				SWIFT_VERSION = 5.0;
				TARGETED_DEVICE_FAMILY = "1,2";
			};
			name = Debug;
		};
		3A01B606286DFAA7008B9BB5 /* Release */ = {
			isa = XCBuildConfiguration;
			buildSettings = {
				ASSETCATALOG_COMPILER_APPICON_NAME = AppIcon;
				ASSETCATALOG_COMPILER_GLOBAL_ACCENT_COLOR_NAME = AccentColor;
				CODE_SIGN_STYLE = Automatic;
				CURRENT_PROJECT_VERSION = 1;
				DEVELOPMENT_TEAM = QYNM34C95K;
				GENERATE_INFOPLIST_FILE = YES;
				INFOPLIST_FILE = KISTest2/Info.plist;
				INFOPLIST_KEY_UIApplicationSupportsIndirectInputEvents = YES;
				INFOPLIST_KEY_UILaunchStoryboardName = LaunchScreen;
				INFOPLIST_KEY_UIMainStoryboardFile = Main;
				INFOPLIST_KEY_UISupportedInterfaceOrientations_iPad = "UIInterfaceOrientationPortrait UIInterfaceOrientationPortraitUpsideDown UIInterfaceOrientationLandscapeLeft UIInterfaceOrientationLandscapeRight";
				INFOPLIST_KEY_UISupportedInterfaceOrientations_iPhone = "UIInterfaceOrientationPortrait UIInterfaceOrientationLandscapeLeft UIInterfaceOrientationLandscapeRight";
				IPHONEOS_DEPLOYMENT_TARGET = 13.0;
				LD_RUNPATH_SEARCH_PATHS = (
					"$(inherited)",
					"@executable_path/Frameworks",
				);
				MARKETING_VERSION = 1.0;
				PRODUCT_BUNDLE_IDENTIFIER = sa.aditya.Scrumdinger;
				PRODUCT_NAME = "$(TARGET_NAME)";
				SWIFT_EMIT_LOC_STRINGS = YES;
				SWIFT_VERSION = 5.0;
				TARGETED_DEVICE_FAMILY = "1,2";
			};
			name = Release;
		};
/* End XCBuildConfiguration section */

/* Begin XCConfigurationList section */
		3A01B5EB286DFAA5008B9BB5 /* Build configuration list for PBXProject "KISTest2" */ = {
			isa = XCConfigurationList;
			buildConfigurations = (
				3A01B602286DFAA7008B9BB5 /* Debug */,
				3A01B603286DFAA7008B9BB5 /* Release */,
			);
			defaultConfigurationIsVisible = 0;
			defaultConfigurationName = Release;
		};
		3A01B604286DFAA7008B9BB5 /* Build configuration list for PBXNativeTarget "KISTest2" */ = {
			isa = XCConfigurationList;
			buildConfigurations = (
				3A01B605286DFAA7008B9BB5 /* Debug */,
				3A01B606286DFAA7008B9BB5 /* Release */,
			);
			defaultConfigurationIsVisible = 0;
			defaultConfigurationName = Release;
		};
/* End XCConfigurationList section */
	};
	rootObject = 3A01B5E8286DFAA5008B9BB5 /* Project object */;
}
